
Microsoft Visual Studio Solution File, Format Version 12.00
# Visual Studio Express 2012 for Windows Desktop
Project("{FAE04EC0-301F-11D3-BF4B-00C04F79EFBC}") = "CompetetiveProgramming", "CompetetiveProgramming\CompetetiveProgramming.csproj", "{DB0A1833-B5C4-46F5-82E2-8C09CC272389}"
EndProject
Project("{FAE04EC0-301F-11D3-BF4B-00C04F79EFBC}") = "CompetetiveProgrammingTests", "CompetetiveProgrammingTests\CompetetiveProgrammingTests.csproj", "{487F4488-1023-4FD6-A499-8BD19398B987}"
EndProject
Project("{FAE04EC0-301F-11D3-BF4B-00C04F79EFBC}") = "CodeMerge", "CSCodeMerge\CodeMerge.csproj", "{D5F1E7BC-2A85-4833-A6FB-CBEF6559B225}"
EndProject
Global
	GlobalSection(SolutionConfigurationPlatforms) = preSolution
		Debug|Any CPU = Debug|Any CPU
		Release|Any CPU = Release|Any CPU
	EndGlobalSection
	GlobalSection(ProjectConfigurationPlatforms) = postSolution
		{DB0A1833-B5C4-46F5-82E2-8C09CC272389}.Debug|Any CPU.ActiveCfg = Debug|Any CPU
		{DB0A1833-B5C4-46F5-82E2-8C09CC272389}.Debug|Any CPU.Build.0 = Debug|Any CPU
		{DB0A1833-B5C4-46F5-82E2-8C09CC272389}.Release|Any CPU.ActiveCfg = Release|Any CPU
		{DB0A1833-B5C4-46F5-82E2-8C09CC272389}.Release|Any CPU.Build.0 = Release|Any CPU
		{487F4488-1023-4FD6-A499-8BD19398B987}.Debug|Any CPU.ActiveCfg = Debug|Any CPU
		{487F4488-1023-4FD6-A499-8BD19398B987}.Debug|Any CPU.Build.0 = Debug|Any CPU
		{487F4488-1023-4FD6-A499-8BD19398B987}.Release|Any CPU.ActiveCfg = Release|Any CPU
		{487F4488-1023-4FD6-A499-8BD19398B987}.Release|Any CPU.Build.0 = Release|Any CPU
		{D5F1E7BC-2A85-4833-A6FB-CBEF6559B225}.Debug|Any CPU.ActiveCfg = Debug|Any CPU
		{D5F1E7BC-2A85-4833-A6FB-CBEF6559B225}.Debug|Any CPU.Build.0 = Debug|Any CPU
		{D5F1E7BC-2A85-4833-A6FB-CBEF6559B225}.Release|Any CPU.ActiveCfg = Release|Any CPU
		{D5F1E7BC-2A85-4833-A6FB-CBEF6559B225}.Release|Any CPU.Build.0 = Release|Any CPU
	EndGlobalSection
	GlobalSection(SolutionProperties) = preSolution
		HideSolutionNode = FALSE
	EndGlobalSection
EndGlobal
